
Microsoft Visual Studio Solution File, Format Version 12.00
# Visual Studio Version 16
VisualStudioVersion = 16.0.31321.278
MinimumVisualStudioVersion = 10.0.40219.1
Project("{FAE04EC0-301F-11D3-BF4B-00C04F79EFBC}") = "Spaceship", "Spaceship\Spaceship.csproj", "{D148F6ED-D924-4CA0-B27E-A9EAA6FB643F}"
EndProject
Global
	GlobalSection(SolutionConfigurationPlatforms) = preSolution
		Debug|Any CPU = Debug|Any CPU
		Release|Any CPU = Release|Any CPU
	EndGlobalSection
	GlobalSection(ProjectConfigurationPlatforms) = postSolution
		{D148F6ED-D924-4CA0-B27E-A9EAA6FB643F}.Debug|Any CPU.ActiveCfg = Debug|Any CPU
		{D148F6ED-D924-4CA0-B27E-A9EAA6FB643F}.Debug|Any CPU.Build.0 = Debug|Any CPU
		{D148F6ED-D924-4CA0-B27E-A9EAA6FB643F}.Release|Any CPU.ActiveCfg = Release|Any CPU
		{D148F6ED-D924-4CA0-B27E-A9EAA6FB643F}.Release|Any CPU.Build.0 = Release|Any CPU
	EndGlobalSection
	GlobalSection(SolutionProperties) = preSolution
		HideSolutionNode = FALSE
	EndGlobalSection
	GlobalSection(ExtensibilityGlobals) = postSolution
		SolutionGuid = {2D2D87C5-39E6-4852-BC4E-725C40F4D947}
	EndGlobalSection
EndGlobal
